
Microsoft Visual Studio Solution File, Format Version 12.00
# Visual Studio Version 17
VisualStudioVersion = 17.6.33815.320
MinimumVisualStudioVersion = 10.0.40219.1
Project("{FAE04EC0-301F-11D3-BF4B-00C04F79EFBC}") = "WebApplication2", "WebApplication2\WebApplication2.csproj", "{5D5AF704-8265-4755-99FB-EB3DC75D4853}"
EndProject
Global
	GlobalSection(SolutionConfigurationPlatforms) = preSolution
		Debug|Any CPU = Debug|Any CPU
		Release|Any CPU = Release|Any CPU
	EndGlobalSection
	GlobalSection(ProjectConfigurationPlatforms) = postSolution
		{5D5AF704-8265-4755-99FB-EB3DC75D4853}.Debug|Any CPU.ActiveCfg = Debug|Any CPU
		{5D5AF704-8265-4755-99FB-EB3DC75D4853}.Debug|Any CPU.Build.0 = Debug|Any CPU
		{5D5AF704-8265-4755-99FB-EB3DC75D4853}.Release|Any CPU.ActiveCfg = Release|Any CPU
		{5D5AF704-8265-4755-99FB-EB3DC75D4853}.Release|Any CPU.Build.0 = Release|Any CPU
	EndGlobalSection
	GlobalSection(SolutionProperties) = preSolution
		HideSolutionNode = FALSE
	EndGlobalSection
	GlobalSection(ExtensibilityGlobals) = postSolution
		SolutionGuid = {D52FD26D-1AE7-4F7F-823F-86185C66C962}
	EndGlobalSection
EndGlobal
